
Microsoft Visual Studio Solution File, Format Version 12.00
# Visual Studio 15
Project("{FAE04EC0-301F-11D3-BF4B-00C04F79EFBC}") = "projeto-react-net", "projeto-react-net\projeto-react-net.csproj", "{522524D9-F962-4964-9B66-25F2A2542C2A}"
EndProject
Global
	GlobalSection(SolutionConfigurationPlatforms) = preSolution
		Debug|Any CPU = Debug|Any CPU
		Release|Any CPU = Release|Any CPU
	EndGlobalSection
	GlobalSection(ProjectConfigurationPlatforms) = postSolution
		{522524D9-F962-4964-9B66-25F2A2542C2A}.Debug|Any CPU.ActiveCfg = Debug|Any CPU
		{522524D9-F962-4964-9B66-25F2A2542C2A}.Debug|Any CPU.Build.0 = Debug|Any CPU
		{522524D9-F962-4964-9B66-25F2A2542C2A}.Release|Any CPU.ActiveCfg = Release|Any CPU
		{522524D9-F962-4964-9B66-25F2A2542C2A}.Release|Any CPU.Build.0 = Release|Any CPU
	EndGlobalSection
EndGlobal
